
Microsoft Visual Studio Solution File, Format Version 12.00
# Visual Studio Version 16
VisualStudioVersion = 16.0.32602.291
MinimumVisualStudioVersion = 10.0.40219.1
Project("{9A19103F-16F7-4668-BE54-9A1E7A4F7556}") = "JenkinsApp", "JenkinsApp\JenkinsApp.csproj", "{EE7F7B8F-6DAF-4569-839C-D746A2439511}"
EndProject
Project("{FAE04EC0-301F-11D3-BF4B-00C04F79EFBC}") = "MyMaths", "MyMaths\MyMaths.csproj", "{E49072AC-D7C7-4295-8241-D44DF5CAFC3F}"
EndProject
Global
	GlobalSection(SolutionConfigurationPlatforms) = preSolution
		Debug|Any CPU = Debug|Any CPU
		Release|Any CPU = Release|Any CPU
	EndGlobalSection
	GlobalSection(ProjectConfigurationPlatforms) = postSolution
		{EE7F7B8F-6DAF-4569-839C-D746A2439511}.Debug|Any CPU.ActiveCfg = Debug|Any CPU
		{EE7F7B8F-6DAF-4569-839C-D746A2439511}.Debug|Any CPU.Build.0 = Debug|Any CPU
		{EE7F7B8F-6DAF-4569-839C-D746A2439511}.Release|Any CPU.ActiveCfg = Release|Any CPU
		{EE7F7B8F-6DAF-4569-839C-D746A2439511}.Release|Any CPU.Build.0 = Release|Any CPU
		{E49072AC-D7C7-4295-8241-D44DF5CAFC3F}.Debug|Any CPU.ActiveCfg = Debug|Any CPU
		{E49072AC-D7C7-4295-8241-D44DF5CAFC3F}.Debug|Any CPU.Build.0 = Debug|Any CPU
		{E49072AC-D7C7-4295-8241-D44DF5CAFC3F}.Release|Any CPU.ActiveCfg = Release|Any CPU
		{E49072AC-D7C7-4295-8241-D44DF5CAFC3F}.Release|Any CPU.Build.0 = Release|Any CPU
	EndGlobalSection
	GlobalSection(SolutionProperties) = preSolution
		HideSolutionNode = FALSE
	EndGlobalSection
	GlobalSection(ExtensibilityGlobals) = postSolution
		SolutionGuid = {9ACDBB23-0076-496C-88BF-696C4F936105}
	EndGlobalSection
EndGlobal
